{
  "name": "ema",
  "version": "1.0.0",
  "lockfileVersion": 1,
  "requires": true,
  "dependencies": {
    "nodemailer": {
      "version": "4.6.7",
      "resolved": "https://registry.npmjs.org/nodemailer/-/nodemailer-4.6.7.tgz",
      "integrity": "sha512-GIAAYvs9XIP1fBa8wR89ukUh3yjL44pom5LKY5nTZcL+Zp9sRkqL8wgskyBQECQg9CPsDX/fjTZx8MNz20t0jA=="
    },
    "snd-ema": {
      "version": "1.0.1",
      "resolved": "https://registry.npmjs.org/snd-ema/-/snd-ema-1.0.1.tgz",
      "integrity": "sha512-pUpWUgC87NU0M9GFxiWwtInJhUqWCza0AlOYYt2amdl6P7ZpoBvGvZP1IFb0nQuDsoDBSw9BaH4WK/8L5B15hg=="
    }
  }
}
